
Microsoft Visual Studio Solution File, Format Version 12.00
# Visual Studio 15
VisualStudioVersion = 15.0.28307.572
MinimumVisualStudioVersion = 10.0.40219.1
Project("{FAE04EC0-301F-11D3-BF4B-00C04F79EFBC}") = "Kursova rabota", "Kursova rabota\Kursova rabota.csproj", "{1303E0F4-36CA-4692-A9D8-DD6D7BC490A8}"
EndProject
Global
	GlobalSection(SolutionConfigurationPlatforms) = preSolution
		Debug|Any CPU = Debug|Any CPU
		Release|Any CPU = Release|Any CPU
	EndGlobalSection
	GlobalSection(ProjectConfigurationPlatforms) = postSolution
		{1303E0F4-36CA-4692-A9D8-DD6D7BC490A8}.Debug|Any CPU.ActiveCfg = Debug|Any CPU
		{1303E0F4-36CA-4692-A9D8-DD6D7BC490A8}.Debug|Any CPU.Build.0 = Debug|Any CPU
		{1303E0F4-36CA-4692-A9D8-DD6D7BC490A8}.Release|Any CPU.ActiveCfg = Release|Any CPU
		{1303E0F4-36CA-4692-A9D8-DD6D7BC490A8}.Release|Any CPU.Build.0 = Release|Any CPU
	EndGlobalSection
	GlobalSection(SolutionProperties) = preSolution
		HideSolutionNode = FALSE
	EndGlobalSection
	GlobalSection(ExtensibilityGlobals) = postSolution
		SolutionGuid = {78ED5EA7-75C7-498A-9273-EA3EFA4C9DF8}
	EndGlobalSection
EndGlobal
